
Microsoft Visual Studio Solution File, Format Version 12.00
# Visual Studio Version 17
VisualStudioVersion = 17.0.32112.339
MinimumVisualStudioVersion = 10.0.40219.1
Project("{FAE04EC0-301F-11D3-BF4B-00C04F79EFBC}") = "Diseño Centrado al Usuario", "Diseño Centrado al Usuario\Diseño Centrado al Usuario.csproj", "{7BF8839F-3C9C-4152-90A0-D00D42BD4FE2}"
EndProject
Global
	GlobalSection(SolutionConfigurationPlatforms) = preSolution
		Debug|Any CPU = Debug|Any CPU
		Release|Any CPU = Release|Any CPU
	EndGlobalSection
	GlobalSection(ProjectConfigurationPlatforms) = postSolution
		{7BF8839F-3C9C-4152-90A0-D00D42BD4FE2}.Debug|Any CPU.ActiveCfg = Debug|Any CPU
		{7BF8839F-3C9C-4152-90A0-D00D42BD4FE2}.Debug|Any CPU.Build.0 = Debug|Any CPU
		{7BF8839F-3C9C-4152-90A0-D00D42BD4FE2}.Release|Any CPU.ActiveCfg = Release|Any CPU
		{7BF8839F-3C9C-4152-90A0-D00D42BD4FE2}.Release|Any CPU.Build.0 = Release|Any CPU
	EndGlobalSection
	GlobalSection(SolutionProperties) = preSolution
		HideSolutionNode = FALSE
	EndGlobalSection
	GlobalSection(ExtensibilityGlobals) = postSolution
		SolutionGuid = {6463F1E1-6C44-4C9E-87EA-090EAAA4AD06}
	EndGlobalSection
EndGlobal
